[root]
name = "rawloader"
version = "0.1.0"
dependencies = [
 "glob 0.2.11 (registry+https://github.com/rust-lang/crates.io-index)",
 "itertools 0.4.18 (registry+https://github.com/rust-lang/crates.io-index)",
 "toml 0.2.0 (registry+https://github.com/rust-lang/crates.io-index)",
]

[[package]]
name = "glob"
version = "0.2.11"
source = "registry+https://github.com/rust-lang/crates.io-index"

[[package]]
name = "itertools"
version = "0.4.18"
source = "registry+https://github.com/rust-lang/crates.io-index"

[[package]]
name = "rustc-serialize"
version = "0.3.19"
source = "registry+https://github.com/rust-lang/crates.io-index"

[[package]]
name = "toml"
version = "0.2.0"
source = "registry+https://github.com/rust-lang/crates.io-index"
dependencies = [
 "rustc-serialize 0.3.19 (registry+https://github.com/rust-lang/crates.io-index)",
]

